
Microsoft Visual Studio Solution File, Format Version 12.00
# Visual Studio Version 16
VisualStudioVersion = 16.0.29519.87
MinimumVisualStudioVersion = 10.0.40219.1
Project("{FAE04EC0-301F-11D3-BF4B-00C04F79EFBC}") = "CTR", "CTR\CTR.csproj", "{B681F250-13AF-4560-BE78-406C1235708C}"
EndProject
Global
	GlobalSection(SolutionConfigurationPlatforms) = preSolution
		Debug|Any CPU = Debug|Any CPU
		Release|Any CPU = Release|Any CPU
	EndGlobalSection
	GlobalSection(ProjectConfigurationPlatforms) = postSolution
		{B681F250-13AF-4560-BE78-406C1235708C}.Debug|Any CPU.ActiveCfg = Debug|Any CPU
		{B681F250-13AF-4560-BE78-406C1235708C}.Debug|Any CPU.Build.0 = Debug|Any CPU
		{B681F250-13AF-4560-BE78-406C1235708C}.Release|Any CPU.ActiveCfg = Release|Any CPU
		{B681F250-13AF-4560-BE78-406C1235708C}.Release|Any CPU.Build.0 = Release|Any CPU
	EndGlobalSection
	GlobalSection(SolutionProperties) = preSolution
		HideSolutionNode = FALSE
	EndGlobalSection
	GlobalSection(ExtensibilityGlobals) = postSolution
		SolutionGuid = {4984D1EA-75E8-4ED1-B2E1-D4F82D61995B}
	EndGlobalSection
EndGlobal
